
Microsoft Visual Studio Solution File, Format Version 12.00
# Visual Studio Version 16
VisualStudioVersion = 16.0.28922.388
MinimumVisualStudioVersion = 10.0.40219.1
Project("{FAE04EC0-301F-11D3-BF4B-00C04F79EFBC}") = "CarRental-200395689", "CarRental-200395689\CarRental-200395689.csproj", "{BA2CA00E-C635-43E2-9C69-F696A89822CE}"
EndProject
Global
	GlobalSection(SolutionConfigurationPlatforms) = preSolution
		Debug|Any CPU = Debug|Any CPU
		Release|Any CPU = Release|Any CPU
	EndGlobalSection
	GlobalSection(ProjectConfigurationPlatforms) = postSolution
		{BA2CA00E-C635-43E2-9C69-F696A89822CE}.Debug|Any CPU.ActiveCfg = Debug|Any CPU
		{BA2CA00E-C635-43E2-9C69-F696A89822CE}.Debug|Any CPU.Build.0 = Debug|Any CPU
		{BA2CA00E-C635-43E2-9C69-F696A89822CE}.Release|Any CPU.ActiveCfg = Release|Any CPU
		{BA2CA00E-C635-43E2-9C69-F696A89822CE}.Release|Any CPU.Build.0 = Release|Any CPU
	EndGlobalSection
	GlobalSection(SolutionProperties) = preSolution
		HideSolutionNode = FALSE
	EndGlobalSection
	GlobalSection(ExtensibilityGlobals) = postSolution
		SolutionGuid = {5B71229F-ADAB-4C8B-AB11-AE5D378EF96A}
	EndGlobalSection
EndGlobal
